
Microsoft Visual Studio Solution File, Format Version 12.00
# Visual Studio Version 16
VisualStudioVersion = 16.0.29806.167
MinimumVisualStudioVersion = 10.0.40219.1
Project("{9A19103F-16F7-4668-BE54-9A1E7A4F7556}") = "Mfi.Wpf.Aquarius.TestApplication", "Mfi.Wpf.Aquarius.TestApplication\Mfi.Wpf.Aquarius.TestApplication.csproj", "{2CFB1B31-3FBC-4020-A0A5-514465A9C884}"
EndProject
Project("{9A19103F-16F7-4668-BE54-9A1E7A4F7556}") = "Mfi.Wpf.Aquarius", "__SUBMODULES\Mfi.Wpf.Aquarius\Mfi.Wpf.Aquarius.csproj", "{DFDC94B5-4D82-4E61-AFEC-445E7EA7858B}"
EndProject
Project("{9A19103F-16F7-4668-BE54-9A1E7A4F7556}") = "Mfi.Wpf.Aquarius.Tests", "__SUBMODULES\Mfi.Wpf.Aquarius.Tests\Mfi.Wpf.Aquarius.Tests.csproj", "{03CE2F75-E780-49A8-AB4C-7F5FB0BB0D13}"
EndProject
Project("{FAE04EC0-301F-11D3-BF4B-00C04F79EFBC}") = "Mfi.Diagnostics", "__SUBMODULES\Mfi.Diagnostics\Mfi.Diagnostics.csproj", "{D8CCAA6A-2339-4AEA-AAF6-30D420695481}"
EndProject
Global
	GlobalSection(SolutionConfigurationPlatforms) = preSolution
		Debug|Any CPU = Debug|Any CPU
		Release|Any CPU = Release|Any CPU
	EndGlobalSection
	GlobalSection(ProjectConfigurationPlatforms) = postSolution
		{2CFB1B31-3FBC-4020-A0A5-514465A9C884}.Debug|Any CPU.ActiveCfg = Debug|Any CPU
		{2CFB1B31-3FBC-4020-A0A5-514465A9C884}.Debug|Any CPU.Build.0 = Debug|Any CPU
		{2CFB1B31-3FBC-4020-A0A5-514465A9C884}.Release|Any CPU.ActiveCfg = Release|Any CPU
		{2CFB1B31-3FBC-4020-A0A5-514465A9C884}.Release|Any CPU.Build.0 = Release|Any CPU
		{DFDC94B5-4D82-4E61-AFEC-445E7EA7858B}.Debug|Any CPU.ActiveCfg = Debug|Any CPU
		{DFDC94B5-4D82-4E61-AFEC-445E7EA7858B}.Debug|Any CPU.Build.0 = Debug|Any CPU
		{DFDC94B5-4D82-4E61-AFEC-445E7EA7858B}.Release|Any CPU.ActiveCfg = Release|Any CPU
		{DFDC94B5-4D82-4E61-AFEC-445E7EA7858B}.Release|Any CPU.Build.0 = Release|Any CPU
		{03CE2F75-E780-49A8-AB4C-7F5FB0BB0D13}.Debug|Any CPU.ActiveCfg = Debug|Any CPU
		{03CE2F75-E780-49A8-AB4C-7F5FB0BB0D13}.Debug|Any CPU.Build.0 = Debug|Any CPU
		{03CE2F75-E780-49A8-AB4C-7F5FB0BB0D13}.Release|Any CPU.ActiveCfg = Release|Any CPU
		{03CE2F75-E780-49A8-AB4C-7F5FB0BB0D13}.Release|Any CPU.Build.0 = Release|Any CPU
		{D8CCAA6A-2339-4AEA-AAF6-30D420695481}.Debug|Any CPU.ActiveCfg = Debug|Any CPU
		{D8CCAA6A-2339-4AEA-AAF6-30D420695481}.Debug|Any CPU.Build.0 = Debug|Any CPU
		{D8CCAA6A-2339-4AEA-AAF6-30D420695481}.Release|Any CPU.ActiveCfg = Release|Any CPU
		{D8CCAA6A-2339-4AEA-AAF6-30D420695481}.Release|Any CPU.Build.0 = Release|Any CPU
	EndGlobalSection
	GlobalSection(SolutionProperties) = preSolution
		HideSolutionNode = FALSE
	EndGlobalSection
	GlobalSection(ExtensibilityGlobals) = postSolution
		SolutionGuid = {9807EE5E-70B6-4A31-8C4E-96C9D69D4C8A}
	EndGlobalSection
EndGlobal
